
Microsoft Visual Studio Solution File, Format Version 12.00
# Visual Studio 14
VisualStudioVersion = 14.0.25123.0
MinimumVisualStudioVersion = 10.0.40219.1
Project("{FAE04EC0-301F-11D3-BF4B-00C04F79EFBC}") = "TaskTimerTester", "TaskTimerTester\TaskTimerTester.csproj", "{DDBD5672-7254-47AB-9849-1B9BEF1E907C}"
EndProject
Project("{FAE04EC0-301F-11D3-BF4B-00C04F79EFBC}") = "amitkuzi.TPLExtention", "..\amitkuzi.TPLExtention\amitkuzi.TPLExtention.csproj", "{22E6D3C0-19E4-4951-9E13-B28BDF0B716C}"
EndProject
Global
	GlobalSection(SolutionConfigurationPlatforms) = preSolution
		Debug|Any CPU = Debug|Any CPU
		Release|Any CPU = Release|Any CPU
	EndGlobalSection
	GlobalSection(ProjectConfigurationPlatforms) = postSolution
		{DDBD5672-7254-47AB-9849-1B9BEF1E907C}.Debug|Any CPU.ActiveCfg = Debug|Any CPU
		{DDBD5672-7254-47AB-9849-1B9BEF1E907C}.Debug|Any CPU.Build.0 = Debug|Any CPU
		{DDBD5672-7254-47AB-9849-1B9BEF1E907C}.Release|Any CPU.ActiveCfg = Release|Any CPU
		{DDBD5672-7254-47AB-9849-1B9BEF1E907C}.Release|Any CPU.Build.0 = Release|Any CPU
		{22E6D3C0-19E4-4951-9E13-B28BDF0B716C}.Debug|Any CPU.ActiveCfg = Debug|Any CPU
		{22E6D3C0-19E4-4951-9E13-B28BDF0B716C}.Debug|Any CPU.Build.0 = Debug|Any CPU
		{22E6D3C0-19E4-4951-9E13-B28BDF0B716C}.Release|Any CPU.ActiveCfg = Release|Any CPU
		{22E6D3C0-19E4-4951-9E13-B28BDF0B716C}.Release|Any CPU.Build.0 = Release|Any CPU
	EndGlobalSection
	GlobalSection(SolutionProperties) = preSolution
		HideSolutionNode = FALSE
	EndGlobalSection
EndGlobal
